
Microsoft Visual Studio Solution File, Format Version 12.00
# Visual Studio Version 17
VisualStudioVersion = 17.2.32616.157
MinimumVisualStudioVersion = 10.0.40219.1
Project("{FAE04EC0-301F-11D3-BF4B-00C04F79EFBC}") = "FurionHello.Application", "FurionHello.Application\FurionHello.Application.csproj", "{D5851E06-F4DA-4C25-9D59-95DA724AC645}"
EndProject
Project("{FAE04EC0-301F-11D3-BF4B-00C04F79EFBC}") = "FurionHello.Core", "FurionHello.Core\FurionHello.Core.csproj", "{27037061-C065-4355-98AA-A3ACA21AFE12}"
EndProject
Project("{FAE04EC0-301F-11D3-BF4B-00C04F79EFBC}") = "FurionHello.Database.Migrations", "FurionHello.Database.Migrations\FurionHello.Database.Migrations.csproj", "{70362807-CF90-4063-85AD-F97DA6ED44A8}"
EndProject
Project("{FAE04EC0-301F-11D3-BF4B-00C04F79EFBC}") = "FurionHello.EntityFramework.Core", "FurionHello.EntityFramework.Core\FurionHello.EntityFramework.Core.csproj", "{62A04629-7387-4AEA-9061-24BFE999872B}"
EndProject
Project("{FAE04EC0-301F-11D3-BF4B-00C04F79EFBC}") = "FurionHello.Web.Core", "FurionHello.Web.Core\FurionHello.Web.Core.csproj", "{10F9F059-4DD2-4A96-8E7F-DB71D1C27E2B}"
EndProject
Project("{FAE04EC0-301F-11D3-BF4B-00C04F79EFBC}") = "FurionHello.Web.Entry", "FurionHello.Web.Entry\FurionHello.Web.Entry.csproj", "{C175390F-DBC1-492F-96AA-4A2B2A4AB8C5}"
EndProject
Global
	GlobalSection(SolutionConfigurationPlatforms) = preSolution
		Debug|Any CPU = Debug|Any CPU
		Release|Any CPU = Release|Any CPU
	EndGlobalSection
	GlobalSection(ProjectConfigurationPlatforms) = postSolution
		{D5851E06-F4DA-4C25-9D59-95DA724AC645}.Debug|Any CPU.ActiveCfg = Debug|Any CPU
		{D5851E06-F4DA-4C25-9D59-95DA724AC645}.Debug|Any CPU.Build.0 = Debug|Any CPU
		{D5851E06-F4DA-4C25-9D59-95DA724AC645}.Release|Any CPU.ActiveCfg = Release|Any CPU
		{D5851E06-F4DA-4C25-9D59-95DA724AC645}.Release|Any CPU.Build.0 = Release|Any CPU
		{27037061-C065-4355-98AA-A3ACA21AFE12}.Debug|Any CPU.ActiveCfg = Debug|Any CPU
		{27037061-C065-4355-98AA-A3ACA21AFE12}.Debug|Any CPU.Build.0 = Debug|Any CPU
		{27037061-C065-4355-98AA-A3ACA21AFE12}.Release|Any CPU.ActiveCfg = Release|Any CPU
		{27037061-C065-4355-98AA-A3ACA21AFE12}.Release|Any CPU.Build.0 = Release|Any CPU
		{70362807-CF90-4063-85AD-F97DA6ED44A8}.Debug|Any CPU.ActiveCfg = Debug|Any CPU
		{70362807-CF90-4063-85AD-F97DA6ED44A8}.Debug|Any CPU.Build.0 = Debug|Any CPU
		{70362807-CF90-4063-85AD-F97DA6ED44A8}.Release|Any CPU.ActiveCfg = Release|Any CPU
		{70362807-CF90-4063-85AD-F97DA6ED44A8}.Release|Any CPU.Build.0 = Release|Any CPU
		{62A04629-7387-4AEA-9061-24BFE999872B}.Debug|Any CPU.ActiveCfg = Debug|Any CPU
		{62A04629-7387-4AEA-9061-24BFE999872B}.Debug|Any CPU.Build.0 = Debug|Any CPU
		{62A04629-7387-4AEA-9061-24BFE999872B}.Release|Any CPU.ActiveCfg = Release|Any CPU
		{62A04629-7387-4AEA-9061-24BFE999872B}.Release|Any CPU.Build.0 = Release|Any CPU
		{10F9F059-4DD2-4A96-8E7F-DB71D1C27E2B}.Debug|Any CPU.ActiveCfg = Debug|Any CPU
		{10F9F059-4DD2-4A96-8E7F-DB71D1C27E2B}.Debug|Any CPU.Build.0 = Debug|Any CPU
		{10F9F059-4DD2-4A96-8E7F-DB71D1C27E2B}.Release|Any CPU.ActiveCfg = Release|Any CPU
		{10F9F059-4DD2-4A96-8E7F-DB71D1C27E2B}.Release|Any CPU.Build.0 = Release|Any CPU
		{C175390F-DBC1-492F-96AA-4A2B2A4AB8C5}.Debug|Any CPU.ActiveCfg = Debug|Any CPU
		{C175390F-DBC1-492F-96AA-4A2B2A4AB8C5}.Debug|Any CPU.Build.0 = Debug|Any CPU
		{C175390F-DBC1-492F-96AA-4A2B2A4AB8C5}.Release|Any CPU.ActiveCfg = Release|Any CPU
		{C175390F-DBC1-492F-96AA-4A2B2A4AB8C5}.Release|Any CPU.Build.0 = Release|Any CPU
	EndGlobalSection
	GlobalSection(SolutionProperties) = preSolution
		HideSolutionNode = FALSE
	EndGlobalSection
	GlobalSection(ExtensibilityGlobals) = postSolution
		SolutionGuid = {9E95CAC8-324D-4A86-9608-29905001EDB6}
	EndGlobalSection
EndGlobal
